
Microsoft Visual Studio Solution File, Format Version 12.00
# Visual Studio Version 18
VisualStudioVersion = 18.3.11505.172 d18.3
MinimumVisualStudioVersion = 10.0.40219.1
Project("{FAE04EC0-301F-11D3-BF4B-00C04F79EFBC}") = "Basic", "Basic.csproj", "{FD9254B5-E66E-4C79-8122-20DFD23E43DF}"
EndProject
Project("{FAE04EC0-301F-11D3-BF4B-00C04F79EFBC}") = "Arrays", "..\Arrays\Arrays.csproj", "{DD6719F5-26B4-44A9-97F3-C7A3FC522115}"
EndProject
Project("{FAE04EC0-301F-11D3-BF4B-00C04F79EFBC}") = "Loops", "..\Loops\Loops.csproj", "{468EEB5B-89FB-4275-BB82-B3519922DAA2}"
EndProject
Project("{FAE04EC0-301F-11D3-BF4B-00C04F79EFBC}") = "Operator", "..\Operator\Operator.csproj", "{492410DD-2148-4C80-B86B-9F199BE77DBA}"
EndProject
Project("{FAE04EC0-301F-11D3-BF4B-00C04F79EFBC}") = "InputOutput", "..\InputOutput\InputOutput.csproj", "{203E9329-EDAC-4341-A6E3-7C47A2BF1B47}"
EndProject
Project("{FAE04EC0-301F-11D3-BF4B-00C04F79EFBC}") = "Longest_Fraction", "..\Longest_Fraction\Longest_Fraction.csproj", "{BE12B53E-A3FD-48E2-85E0-C2FAC3AC3018}"
EndProject
Project("{FAE04EC0-301F-11D3-BF4B-00C04F79EFBC}") = "cf_1697B", "..\cf_1697B\cf_1697B.csproj", "{72FD555A-4AB9-401E-AE31-504A0C2D9B4F}"
EndProject
Project("{FAE04EC0-301F-11D3-BF4B-00C04F79EFBC}") = "cf_75A", "..\cf_75A\cf_75A.csproj", "{8B9990C9-86AC-4C15-A474-A9661DD42F79}"
EndProject
Project("{FAE04EC0-301F-11D3-BF4B-00C04F79EFBC}") = "OOP", "..\OOP\OOP.csproj", "{CE72380B-BAD7-4BDC-9312-08D402042C48}"
EndProject
Project("{FAE04EC0-301F-11D3-BF4B-00C04F79EFBC}") = "OOP2", "..\OOP2\OOP2.csproj", "{B1E2BFE5-8520-4AF9-83B5-A11017AAC352}"
EndProject
Project("{FAE04EC0-301F-11D3-BF4B-00C04F79EFBC}") = "OOP_Practice", "..\OOP_Practice\OOP_Practice.csproj", "{3AD4F287-4232-465A-A356-BE7CE51F15A6}"
EndProject
Project("{FAE04EC0-301F-11D3-BF4B-00C04F79EFBC}") = "OOP_Practice2", "..\OOP_Practice2\OOP_Practice2.csproj", "{6175FF7D-3DAF-4B7B-9721-2B5E6EFDC1A7}"
EndProject
Project("{FAE04EC0-301F-11D3-BF4B-00C04F79EFBC}") = "Constant_Readonly", "..\Constant_Readonly\Constant_Readonly.csproj", "{AE66AE0E-9135-4318-BBEE-E68EBC5614C5}"
EndProject
Project("{FAE04EC0-301F-11D3-BF4B-00C04F79EFBC}") = "Anonymouns_object", "..\Anonymouns_object\Anonymouns_object.csproj", "{AC3FF055-21C2-4449-BEA4-EB2ADC47FA3E}"
EndProject
Project("{FAE04EC0-301F-11D3-BF4B-00C04F79EFBC}") = "Nullable_type", "..\Nullable_type\Nullable_type.csproj", "{713A9B7D-1DA6-4414-8DA6-82ED076020D1}"
EndProject
Project("{FAE04EC0-301F-11D3-BF4B-00C04F79EFBC}") = "dynamic", "..\dynamic\dynamic.csproj", "{666AC93A-F368-4044-80DC-6D48C92A9F26}"
EndProject
Project("{FAE04EC0-301F-11D3-BF4B-00C04F79EFBC}") = "Generics_Example", "..\Generics_Example\Generics_Example.csproj", "{D2EE3E6B-BE82-4460-B3AD-7EB78939243C}"
EndProject
Project("{FAE04EC0-301F-11D3-BF4B-00C04F79EFBC}") = "Generics_Example2", "..\Generics_Example2\Generics_Example2.csproj", "{3543543C-E771-4384-B4FB-6D115DD98B34}"
EndProject
Project("{FAE04EC0-301F-11D3-BF4B-00C04F79EFBC}") = "Generics_Example3", "..\Generics_Example3\Generics_Example3.csproj", "{F6584690-543B-4417-BA1F-391C6BB6C759}"
EndProject
Project("{FAE04EC0-301F-11D3-BF4B-00C04F79EFBC}") = "Structure", "..\Structure\Structure.csproj", "{364E2111-764B-413F-B100-80C12CC1E050}"
EndProject
Project("{FAE04EC0-301F-11D3-BF4B-00C04F79EFBC}") = "SmartStudentManagementSystem", "..\SmartStudentManagementSystem\SmartStudentManagementSystem.csproj", "{9EA149D3-FA21-4CFC-B5DD-5F7CD7B2B7AB}"
EndProject
Project("{FAE04EC0-301F-11D3-BF4B-00C04F79EFBC}") = "Interface_Example", "..\Interface_Example\Interface_Example.csproj", "{62058E30-C4CB-4625-A3CE-1D9970949379}"
EndProject
Project("{FAE04EC0-301F-11D3-BF4B-00C04F79EFBC}") = "Demo_Abstraction", "..\Demo_Abstraction\Demo_Abstraction.csproj", "{90361E82-EA28-4A2E-A166-E0AAC1963E8C}"
EndProject
Project("{FAE04EC0-301F-11D3-BF4B-00C04F79EFBC}") = "RunTime_Polymorphism", "..\RunTime_Polymorphism\RunTime_Polymorphism.csproj", "{04D73D46-D051-4230-BB1D-FF7023B80DC3}"
EndProject
Project("{FAE04EC0-301F-11D3-BF4B-00C04F79EFBC}") = "new_Method_Hiding", "..\new_Method_Hiding\new_Method_Hiding.csproj", "{B85A63DF-99AB-4691-AEC7-EA960BA9D13E}"
EndProject
Project("{FAE04EC0-301F-11D3-BF4B-00C04F79EFBC}") = "async_await_delay", "..\async_await_delay\async_await_delay.csproj", "{BE3776CD-A3A2-4528-96A1-0E0320C917A7}"
EndProject
Project("{FAE04EC0-301F-11D3-BF4B-00C04F79EFBC}") = "List_IQuaryable", "..\List_IQuaryable\List_IQuaryable.csproj", "{64F619BB-0BED-478C-A1A9-73CFAAE592AD}"
EndProject
Project("{FAE04EC0-301F-11D3-BF4B-00C04F79EFBC}") = "Student_App_Info", "..\Student_App_Info\Student_App_Info.csproj", "{BCB56EF2-6284-4727-8EE3-20AA7792321E}"
EndProject
Project("{FAE04EC0-301F-11D3-BF4B-00C04F79EFBC}") = "LibraryManagementSystem", "..\LibraryManagementSystem\LibraryManagementSystem.csproj", "{41D8BCA4-A8E5-4043-92EE-F92A27BE7F46}"
EndProject
Global
	GlobalSection(SolutionConfigurationPlatforms) = preSolution
		Debug|Any CPU = Debug|Any CPU
		Release|Any CPU = Release|Any CPU
	EndGlobalSection
	GlobalSection(ProjectConfigurationPlatforms) = postSolution
		{FD9254B5-E66E-4C79-8122-20DFD23E43DF}.Debug|Any CPU.ActiveCfg = Debug|Any CPU
		{FD9254B5-E66E-4C79-8122-20DFD23E43DF}.Debug|Any CPU.Build.0 = Debug|Any CPU
		{FD9254B5-E66E-4C79-8122-20DFD23E43DF}.Release|Any CPU.ActiveCfg = Release|Any CPU
		{FD9254B5-E66E-4C79-8122-20DFD23E43DF}.Release|Any CPU.Build.0 = Release|Any CPU
		{DD6719F5-26B4-44A9-97F3-C7A3FC522115}.Debug|Any CPU.ActiveCfg = Debug|Any CPU
		{DD6719F5-26B4-44A9-97F3-C7A3FC522115}.Debug|Any CPU.Build.0 = Debug|Any CPU
		{DD6719F5-26B4-44A9-97F3-C7A3FC522115}.Release|Any CPU.ActiveCfg = Release|Any CPU
		{DD6719F5-26B4-44A9-97F3-C7A3FC522115}.Release|Any CPU.Build.0 = Release|Any CPU
		{468EEB5B-89FB-4275-BB82-B3519922DAA2}.Debug|Any CPU.ActiveCfg = Debug|Any CPU
		{468EEB5B-89FB-4275-BB82-B3519922DAA2}.Debug|Any CPU.Build.0 = Debug|Any CPU
		{468EEB5B-89FB-4275-BB82-B3519922DAA2}.Release|Any CPU.ActiveCfg = Release|Any CPU
		{468EEB5B-89FB-4275-BB82-B3519922DAA2}.Release|Any CPU.Build.0 = Release|Any CPU
		{492410DD-2148-4C80-B86B-9F199BE77DBA}.Debug|Any CPU.ActiveCfg = Debug|Any CPU
		{492410DD-2148-4C80-B86B-9F199BE77DBA}.Debug|Any CPU.Build.0 = Debug|Any CPU
		{492410DD-2148-4C80-B86B-9F199BE77DBA}.Release|Any CPU.ActiveCfg = Release|Any CPU
		{492410DD-2148-4C80-B86B-9F199BE77DBA}.Release|Any CPU.Build.0 = Release|Any CPU
		{203E9329-EDAC-4341-A6E3-7C47A2BF1B47}.Debug|Any CPU.ActiveCfg = Debug|Any CPU
		{203E9329-EDAC-4341-A6E3-7C47A2BF1B47}.Debug|Any CPU.Build.0 = Debug|Any CPU
		{203E9329-EDAC-4341-A6E3-7C47A2BF1B47}.Release|Any CPU.ActiveCfg = Release|Any CPU
		{203E9329-EDAC-4341-A6E3-7C47A2BF1B47}.Release|Any CPU.Build.0 = Release|Any CPU
		{BE12B53E-A3FD-48E2-85E0-C2FAC3AC3018}.Debug|Any CPU.ActiveCfg = Debug|Any CPU
		{BE12B53E-A3FD-48E2-85E0-C2FAC3AC3018}.Debug|Any CPU.Build.0 = Debug|Any CPU
		{BE12B53E-A3FD-48E2-85E0-C2FAC3AC3018}.Release|Any CPU.ActiveCfg = Release|Any CPU
		{BE12B53E-A3FD-48E2-85E0-C2FAC3AC3018}.Release|Any CPU.Build.0 = Release|Any CPU
		{72FD555A-4AB9-401E-AE31-504A0C2D9B4F}.Debug|Any CPU.ActiveCfg = Debug|Any CPU
		{72FD555A-4AB9-401E-AE31-504A0C2D9B4F}.Debug|Any CPU.Build.0 = Debug|Any CPU
		{72FD555A-4AB9-401E-AE31-504A0C2D9B4F}.Release|Any CPU.ActiveCfg = Release|Any CPU
		{72FD555A-4AB9-401E-AE31-504A0C2D9B4F}.Release|Any CPU.Build.0 = Release|Any CPU
		{8B9990C9-86AC-4C15-A474-A9661DD42F79}.Debug|Any CPU.ActiveCfg = Debug|Any CPU
		{8B9990C9-86AC-4C15-A474-A9661DD42F79}.Debug|Any CPU.Build.0 = Debug|Any CPU
		{8B9990C9-86AC-4C15-A474-A9661DD42F79}.Release|Any CPU.ActiveCfg = Release|Any CPU
		{8B9990C9-86AC-4C15-A474-A9661DD42F79}.Release|Any CPU.Build.0 = Release|Any CPU
		{CE72380B-BAD7-4BDC-9312-08D402042C48}.Debug|Any CPU.ActiveCfg = Debug|Any CPU
		{CE72380B-BAD7-4BDC-9312-08D402042C48}.Debug|Any CPU.Build.0 = Debug|Any CPU
		{CE72380B-BAD7-4BDC-9312-08D402042C48}.Release|Any CPU.ActiveCfg = Release|Any CPU
		{CE72380B-BAD7-4BDC-9312-08D402042C48}.Release|Any CPU.Build.0 = Release|Any CPU
		{B1E2BFE5-8520-4AF9-83B5-A11017AAC352}.Debug|Any CPU.ActiveCfg = Debug|Any CPU
		{B1E2BFE5-8520-4AF9-83B5-A11017AAC352}.Debug|Any CPU.Build.0 = Debug|Any CPU
		{B1E2BFE5-8520-4AF9-83B5-A11017AAC352}.Release|Any CPU.ActiveCfg = Release|Any CPU
		{B1E2BFE5-8520-4AF9-83B5-A11017AAC352}.Release|Any CPU.Build.0 = Release|Any CPU
		{3AD4F287-4232-465A-A356-BE7CE51F15A6}.Debug|Any CPU.ActiveCfg = Debug|Any CPU
		{3AD4F287-4232-465A-A356-BE7CE51F15A6}.Debug|Any CPU.Build.0 = Debug|Any CPU
		{3AD4F287-4232-465A-A356-BE7CE51F15A6}.Release|Any CPU.ActiveCfg = Release|Any CPU
		{3AD4F287-4232-465A-A356-BE7CE51F15A6}.Release|Any CPU.Build.0 = Release|Any CPU
		{6175FF7D-3DAF-4B7B-9721-2B5E6EFDC1A7}.Debug|Any CPU.ActiveCfg = Debug|Any CPU
		{6175FF7D-3DAF-4B7B-9721-2B5E6EFDC1A7}.Debug|Any CPU.Build.0 = Debug|Any CPU
		{6175FF7D-3DAF-4B7B-9721-2B5E6EFDC1A7}.Release|Any CPU.ActiveCfg = Release|Any CPU
		{6175FF7D-3DAF-4B7B-9721-2B5E6EFDC1A7}.Release|Any CPU.Build.0 = Release|Any CPU
		{AE66AE0E-9135-4318-BBEE-E68EBC5614C5}.Debug|Any CPU.ActiveCfg = Debug|Any CPU
		{AE66AE0E-9135-4318-BBEE-E68EBC5614C5}.Debug|Any CPU.Build.0 = Debug|Any CPU
		{AE66AE0E-9135-4318-BBEE-E68EBC5614C5}.Release|Any CPU.ActiveCfg = Release|Any CPU
		{AE66AE0E-9135-4318-BBEE-E68EBC5614C5}.Release|Any CPU.Build.0 = Release|Any CPU
		{AC3FF055-21C2-4449-BEA4-EB2ADC47FA3E}.Debug|Any CPU.ActiveCfg = Debug|Any CPU
		{AC3FF055-21C2-4449-BEA4-EB2ADC47FA3E}.Debug|Any CPU.Build.0 = Debug|Any CPU
		{AC3FF055-21C2-4449-BEA4-EB2ADC47FA3E}.Release|Any CPU.ActiveCfg = Release|Any CPU
		{AC3FF055-21C2-4449-BEA4-EB2ADC47FA3E}.Release|Any CPU.Build.0 = Release|Any CPU
		{713A9B7D-1DA6-4414-8DA6-82ED076020D1}.Debug|Any CPU.ActiveCfg = Debug|Any CPU
		{713A9B7D-1DA6-4414-8DA6-82ED076020D1}.Debug|Any CPU.Build.0 = Debug|Any CPU
		{713A9B7D-1DA6-4414-8DA6-82ED076020D1}.Release|Any CPU.ActiveCfg = Release|Any CPU
		{713A9B7D-1DA6-4414-8DA6-82ED076020D1}.Release|Any CPU.Build.0 = Release|Any CPU
		{666AC93A-F368-4044-80DC-6D48C92A9F26}.Debug|Any CPU.ActiveCfg = Debug|Any CPU
		{666AC93A-F368-4044-80DC-6D48C92A9F26}.Debug|Any CPU.Build.0 = Debug|Any CPU
		{666AC93A-F368-4044-80DC-6D48C92A9F26}.Release|Any CPU.ActiveCfg = Release|Any CPU
		{666AC93A-F368-4044-80DC-6D48C92A9F26}.Release|Any CPU.Build.0 = Release|Any CPU
		{D2EE3E6B-BE82-4460-B3AD-7EB78939243C}.Debug|Any CPU.ActiveCfg = Debug|Any CPU
		{D2EE3E6B-BE82-4460-B3AD-7EB78939243C}.Debug|Any CPU.Build.0 = Debug|Any CPU
		{D2EE3E6B-BE82-4460-B3AD-7EB78939243C}.Release|Any CPU.ActiveCfg = Release|Any CPU
		{D2EE3E6B-BE82-4460-B3AD-7EB78939243C}.Release|Any CPU.Build.0 = Release|Any CPU
		{3543543C-E771-4384-B4FB-6D115DD98B34}.Debug|Any CPU.ActiveCfg = Debug|Any CPU
		{3543543C-E771-4384-B4FB-6D115DD98B34}.Debug|Any CPU.Build.0 = Debug|Any CPU
		{3543543C-E771-4384-B4FB-6D115DD98B34}.Release|Any CPU.ActiveCfg = Release|Any CPU
		{3543543C-E771-4384-B4FB-6D115DD98B34}.Release|Any CPU.Build.0 = Release|Any CPU
		{F6584690-543B-4417-BA1F-391C6BB6C759}.Debug|Any CPU.ActiveCfg = Debug|Any CPU
		{F6584690-543B-4417-BA1F-391C6BB6C759}.Debug|Any CPU.Build.0 = Debug|Any CPU
		{F6584690-543B-4417-BA1F-391C6BB6C759}.Release|Any CPU.ActiveCfg = Release|Any CPU
		{F6584690-543B-4417-BA1F-391C6BB6C759}.Release|Any CPU.Build.0 = Release|Any CPU
		{364E2111-764B-413F-B100-80C12CC1E050}.Debug|Any CPU.ActiveCfg = Debug|Any CPU
		{364E2111-764B-413F-B100-80C12CC1E050}.Debug|Any CPU.Build.0 = Debug|Any CPU
		{364E2111-764B-413F-B100-80C12CC1E050}.Release|Any CPU.ActiveCfg = Release|Any CPU
		{364E2111-764B-413F-B100-80C12CC1E050}.Release|Any CPU.Build.0 = Release|Any CPU
		{9EA149D3-FA21-4CFC-B5DD-5F7CD7B2B7AB}.Debug|Any CPU.ActiveCfg = Debug|Any CPU
		{9EA149D3-FA21-4CFC-B5DD-5F7CD7B2B7AB}.Debug|Any CPU.Build.0 = Debug|Any CPU
		{9EA149D3-FA21-4CFC-B5DD-5F7CD7B2B7AB}.Release|Any CPU.ActiveCfg = Release|Any CPU
		{9EA149D3-FA21-4CFC-B5DD-5F7CD7B2B7AB}.Release|Any CPU.Build.0 = Release|Any CPU
		{62058E30-C4CB-4625-A3CE-1D9970949379}.Debug|Any CPU.ActiveCfg = Debug|Any CPU
		{62058E30-C4CB-4625-A3CE-1D9970949379}.Debug|Any CPU.Build.0 = Debug|Any CPU
		{62058E30-C4CB-4625-A3CE-1D9970949379}.Release|Any CPU.ActiveCfg = Release|Any CPU
		{62058E30-C4CB-4625-A3CE-1D9970949379}.Release|Any CPU.Build.0 = Release|Any CPU
		{90361E82-EA28-4A2E-A166-E0AAC1963E8C}.Debug|Any CPU.ActiveCfg = Debug|Any CPU
		{90361E82-EA28-4A2E-A166-E0AAC1963E8C}.Debug|Any CPU.Build.0 = Debug|Any CPU
		{90361E82-EA28-4A2E-A166-E0AAC1963E8C}.Release|Any CPU.ActiveCfg = Release|Any CPU
		{90361E82-EA28-4A2E-A166-E0AAC1963E8C}.Release|Any CPU.Build.0 = Release|Any CPU
		{04D73D46-D051-4230-BB1D-FF7023B80DC3}.Debug|Any CPU.ActiveCfg = Debug|Any CPU
		{04D73D46-D051-4230-BB1D-FF7023B80DC3}.Debug|Any CPU.Build.0 = Debug|Any CPU
		{04D73D46-D051-4230-BB1D-FF7023B80DC3}.Release|Any CPU.ActiveCfg = Release|Any CPU
		{04D73D46-D051-4230-BB1D-FF7023B80DC3}.Release|Any CPU.Build.0 = Release|Any CPU
		{B85A63DF-99AB-4691-AEC7-EA960BA9D13E}.Debug|Any CPU.ActiveCfg = Debug|Any CPU
		{B85A63DF-99AB-4691-AEC7-EA960BA9D13E}.Debug|Any CPU.Build.0 = Debug|Any CPU
		{B85A63DF-99AB-4691-AEC7-EA960BA9D13E}.Release|Any CPU.ActiveCfg = Release|Any CPU
		{B85A63DF-99AB-4691-AEC7-EA960BA9D13E}.Release|Any CPU.Build.0 = Release|Any CPU
		{BE3776CD-A3A2-4528-96A1-0E0320C917A7}.Debug|Any CPU.ActiveCfg = Debug|Any CPU
		{BE3776CD-A3A2-4528-96A1-0E0320C917A7}.Debug|Any CPU.Build.0 = Debug|Any CPU
		{BE3776CD-A3A2-4528-96A1-0E0320C917A7}.Release|Any CPU.ActiveCfg = Release|Any CPU
		{BE3776CD-A3A2-4528-96A1-0E0320C917A7}.Release|Any CPU.Build.0 = Release|Any CPU
		{64F619BB-0BED-478C-A1A9-73CFAAE592AD}.Debug|Any CPU.ActiveCfg = Debug|Any CPU
		{64F619BB-0BED-478C-A1A9-73CFAAE592AD}.Debug|Any CPU.Build.0 = Debug|Any CPU
		{64F619BB-0BED-478C-A1A9-73CFAAE592AD}.Release|Any CPU.ActiveCfg = Release|Any CPU
		{64F619BB-0BED-478C-A1A9-73CFAAE592AD}.Release|Any CPU.Build.0 = Release|Any CPU
		{BCB56EF2-6284-4727-8EE3-20AA7792321E}.Debug|Any CPU.ActiveCfg = Debug|Any CPU
		{BCB56EF2-6284-4727-8EE3-20AA7792321E}.Debug|Any CPU.Build.0 = Debug|Any CPU
		{BCB56EF2-6284-4727-8EE3-20AA7792321E}.Release|Any CPU.ActiveCfg = Release|Any CPU
		{BCB56EF2-6284-4727-8EE3-20AA7792321E}.Release|Any CPU.Build.0 = Release|Any CPU
		{41D8BCA4-A8E5-4043-92EE-F92A27BE7F46}.Debug|Any CPU.ActiveCfg = Debug|Any CPU
		{41D8BCA4-A8E5-4043-92EE-F92A27BE7F46}.Debug|Any CPU.Build.0 = Debug|Any CPU
		{41D8BCA4-A8E5-4043-92EE-F92A27BE7F46}.Release|Any CPU.ActiveCfg = Release|Any CPU
		{41D8BCA4-A8E5-4043-92EE-F92A27BE7F46}.Release|Any CPU.Build.0 = Release|Any CPU
	EndGlobalSection
	GlobalSection(SolutionProperties) = preSolution
		HideSolutionNode = FALSE
	EndGlobalSection
	GlobalSection(ExtensibilityGlobals) = postSolution
		SolutionGuid = {CC9189DB-1DD8-4AA4-9EF1-12F76DF87868}
	EndGlobalSection
EndGlobal
